
Microsoft Visual Studio Solution File, Format Version 12.00
# Visual Studio Version 17
VisualStudioVersion = 17.8.34511.84
MinimumVisualStudioVersion = 10.0.40219.1
Project("{9A19103F-16F7-4668-BE54-9A1E7A4F7556}") = "AdminSysFront", "AdminSysFront\AdminSysFront.csproj", "{B4B8BF30-D2EF-4E70-8CCF-5A1CB504FB41}"
EndProject
Global
	GlobalSection(SolutionConfigurationPlatforms) = preSolution
		Debug|Any CPU = Debug|Any CPU
		Release|Any CPU = Release|Any CPU
	EndGlobalSection
	GlobalSection(ProjectConfigurationPlatforms) = postSolution
		{B4B8BF30-D2EF-4E70-8CCF-5A1CB504FB41}.Debug|Any CPU.ActiveCfg = Debug|Any CPU
		{B4B8BF30-D2EF-4E70-8CCF-5A1CB504FB41}.Debug|Any CPU.Build.0 = Debug|Any CPU
		{B4B8BF30-D2EF-4E70-8CCF-5A1CB504FB41}.Release|Any CPU.ActiveCfg = Release|Any CPU
		{B4B8BF30-D2EF-4E70-8CCF-5A1CB504FB41}.Release|Any CPU.Build.0 = Release|Any CPU
	EndGlobalSection
	GlobalSection(SolutionProperties) = preSolution
		HideSolutionNode = FALSE
	EndGlobalSection
	GlobalSection(ExtensibilityGlobals) = postSolution
		SolutionGuid = {4563A251-9D10-464F-BB41-1B96D7185269}
	EndGlobalSection
EndGlobal
